// !$*UTF8*$!
{
	archiveVersion = 1;
	classes = {
	};
	objectVersion = 46;
	objects = {

/* Begin PBXBuildFile section */
		7CFF90271DBE55A9006C0A01 /* AppDelegate.swift in Sources */ = {isa = PBXBuildFile; fileRef = 7CFF90261DBE55A9006C0A01 /* AppDelegate.swift */; };
		7CFF90291DBE55A9006C0A01 /* ViewController.swift in Sources */ = {isa = PBXBuildFile; fileRef = 7CFF90281DBE55A9006C0A01 /* ViewController.swift */; };
		7CFF902C1DBE55A9006C0A01 /* Main.storyboard in Resources */ = {isa = PBXBuildFile; fileRef = 7CFF902A1DBE55A9006C0A01 /* Main.storyboard */; };
		7CFF902E1DBE55A9006C0A01 /* Assets.xcassets in Resources */ = {isa = PBXBuildFile; fileRef = 7CFF902D1DBE55A9006C0A01 /* Assets.xcassets */; };
		7CFF90311DBE55A9006C0A01 /* LaunchScreen.storyboard in Resources */ = {isa = PBXBuildFile; fileRef = 7CFF902F1DBE55A9006C0A01 /* LaunchScreen.storyboard */; };
/* End PBXBuildFile section */

/* Begin PBXFileReference section */
		7CFF90231DBE55A9006C0A01 /* MapKit1.app */ = {isa = PBXFileReference; explicitFileType = wrapper.application; includeInIndex = 0; path = MapKit1.app; sourceTree = BUILT_PRODUCTS_DIR; };
		7CFF90261DBE55A9006C0A01 /* AppDelegate.swift */ = {isa = PBXFileReference; lastKnownFileType = sourcecode.swift; path = AppDelegate.swift; sourceTree = "<group>"; };
		7CFF90281DBE55A9006C0A01 /* ViewController.swift */ = {isa = PBXFileReference; lastKnownFileType = sourcecode.swift; path = ViewController.swift; sourceTree = "<group>"; };
		7CFF902B1DBE55A9006C0A01 /* Base */ = {isa = PBXFileReference; lastKnownFileType = file.storyboard; name = Base; path = Base.lproj/Main.storyboard; sourceTree = "<group>"; };
		7CFF902D1DBE55A9006C0A01 /* Assets.xcassets */ = {isa = PBXFileReference; lastKnownFileType = folder.assetcatalog; path = Assets.xcassets; sourceTree = "<group>"; };
		7CFF90301DBE55A9006C0A01 /* Base */ = {isa = PBXFileReference; lastKnownFileType = file.storyboard; name = Base; path = Base.lproj/LaunchScreen.storyboard; sourceTree = "<group>"; };
		7CFF90321DBE55A9006C0A01 /* Info.plist */ = {isa = PBXFileReference; lastKnownFileType = text.plist.xml; path = Info.plist; sourceTree = "<group>"; };
/* End PBXFileReference section */

/* Begin PBXFrameworksBuildPhase section */
		7CFF90201DBE55A8006C0A01 /* Frameworks */ = {
			isa = PBXFrameworksBuildPhase;
			buildActionMask = 2147483647;
			files = (
			);
			runOnlyForDeploymentPostprocessing = 0;
		};
/* End PBXFrameworksBuildPhase section */

/* Begin PBXGroup section */
		7CFF901A1DBE55A8006C0A01 = {
			isa = PBXGroup;
			children = (
				7CFF90251DBE55A9006C0A01 /* MapKit1 */,
				7CFF90241DBE55A9006C0A01 /* Products */,
			);
			sourceTree = "<group>";
		};
		7CFF90241DBE55A9006C0A01 /* Products */ = {
			isa = PBXGroup;
			children = (
				7CFF90231DBE55A9006C0A01 /* MapKit1.app */,
			);
			name = Products;
			sourceTree = "<group>";
		};
		7CFF90251DBE55A9006C0A01 /* MapKit1 */ = {
			isa = PBXGroup;
			children = (
				7CFF90261DBE55A9006C0A01 /* AppDelegate.swift */,
				7CFF90281DBE55A9006C0A01 /* ViewController.swift */,
				7CFF902A1DBE55A9006C0A01 /* Main.storyboard */,
				7CFF902D1DBE55A9006C0A01 /* Assets.xcassets */,
				7CFF902F1DBE55A9006C0A01 /* LaunchScreen.storyboard */,
				7CFF90321DBE55A9006C0A01 /* Info.plist */,
			);
			path = MapKit1;
			sourceTree = "<group>";
		};
/* End PBXGroup section */

/* Begin PBXNativeTarget section */
		7CFF90221DBE55A8006C0A01 /* MapKit1 */ = {
			isa = PBXNativeTarget;
			buildConfigurationList = 7CFF90351DBE55A9006C0A01 /* Build configuration list for PBXNativeTarget "MapKit1" */;
			buildPhases = (
				7CFF901F1DBE55A8006C0A01 /* Sources */,
				7CFF90201DBE55A8006C0A01 /* Frameworks */,
				7CFF90211DBE55A8006C0A01 /* Resources */,
			);
			buildRules = (
			);
			dependencies = (
			);
			name = MapKit1;
			productName = MapKit1;
			productReference = 7CFF90231DBE55A9006C0A01 /* MapKit1.app */;
			productType = "com.apple.product-type.application";
		};
/* End PBXNativeTarget section */

/* Begin PBXProject section */
		7CFF901B1DBE55A8006C0A01 /* Project object */ = {
			isa = PBXProject;
			attributes = {
				LastSwiftUpdateCheck = 0800;
				LastUpgradeCheck = 0800;
				ORGANIZATIONNAME = com.yuryg;
				TargetAttributes = {
					7CFF90221DBE55A8006C0A01 = {
						CreatedOnToolsVersion = 8.0;
						ProvisioningStyle = Automatic;
					};
				};
			};
			buildConfigurationList = 7CFF901E1DBE55A8006C0A01 /* Build configuration list for PBXProject "MapKit1" */;
			compatibilityVersion = "Xcode 3.2";
			developmentRegion = English;
			hasScannedForEncodings = 0;
			knownRegions = (
				en,
				Base,
			);
			mainGroup = 7CFF901A1DBE55A8006C0A01;
			productRefGroup = 7CFF90241DBE55A9006C0A01 /* Products */;
			projectDirPath = "";
			projectRoot = "";
			targets = (
				7CFF90221DBE55A8006C0A01 /* MapKit1 */,
			);
		};
/* End PBXProject section */

/* Begin PBXResourcesBuildPhase section */
		7CFF90211DBE55A8006C0A01 /* Resources */ = {
			isa = PBXResourcesBuildPhase;
			buildActionMask = 2147483647;
			files = (
				7CFF90311DBE55A9006C0A01 /* LaunchScreen.storyboard in Resources */,
				7CFF902E1DBE55A9006C0A01 /* Assets.xcassets in Resources */,
				7CFF902C1DBE55A9006C0A01 /* Main.storyboard in Resources */,
			);
			runOnlyForDeploymentPostprocessing = 0;
		};
/* End PBXResourcesBuildPhase section */

/* Begin PBXSourcesBuildPhase section */
		7CFF901F1DBE55A8006C0A01 /* Sources */ = {
			isa = PBXSourcesBuildPhase;
			buildActionMask = 2147483647;
			files = (
				7CFF90291DBE55A9006C0A01 /* ViewController.swift in Sources */,
				7CFF90271DBE55A9006C0A01 /* AppDelegate.swift in Sources */,
			);
			runOnlyForDeploymentPostprocessing = 0;
		};
/* End PBXSourcesBuildPhase section */

/* Begin PBXVariantGroup section */
		7CFF902A1DBE55A9006C0A01 /* Main.storyboard */ = {
			isa = PBXVariantGroup;
			children = (
				7CFF902B1DBE55A9006C0A01 /* Base */,
			);
			name = Main.storyboard;
			sourceTree = "<group>";
		};
		7CFF902F1DBE55A9006C0A01 /* LaunchScreen.storyboard */ = {
			isa = PBXVariantGroup;
			children = (
				7CFF90301DBE55A9006C0A01 /* Base */,
			);
			name = LaunchScreen.storyboard;
			sourceTree = "<group>";
		};
/* End PBXVariantGroup section */

/* Begin XCBuildConfiguration section */
		7CFF90331DBE55A9006C0A01 /* Debug */ = {
			isa = XCBuildConfiguration;
			buildSettings = {
				ALWAYS_SEARCH_USER_PATHS = NO;
				CLANG_ANALYZER_NONNULL = YES;
				CLANG_CXX_LANGUAGE_STANDARD = "gnu++0x";
				CLANG_CXX_LIBRARY = "libc++";
				CLANG_ENABLE_MODULES = YES;
				CLANG_ENABLE_OBJC_ARC = YES;
				CLANG_WARN_BOOL_CONVERSION = YES;
				CLANG_WARN_CONSTANT_CONVERSION = YES;
				CLANG_WARN_DIRECT_OBJC_ISA_USAGE = YES_ERROR;
				CLANG_WARN_DOCUMENTATION_COMMENTS = YES;
				CLANG_WARN_EMPTY_BODY = YES;
				CLANG_WARN_ENUM_CONVERSION = YES;
				CLANG_WARN_INFINITE_RECURSION = YES;
				CLANG_WARN_INT_CONVERSION = YES;
				CLANG_WARN_OBJC_ROOT_CLASS = YES_ERROR;
				CLANG_WARN_SUSPICIOUS_MOVES = YES;
				CLANG_WARN_UNREACHABLE_CODE = YES;
				CLANG_WARN__DUPLICATE_METHOD_MATCH = YES;
				"CODE_SIGN_IDENTITY[sdk=iphoneos*]" = "iPhone Developer";
				COPY_PHASE_STRIP = NO;
				DEBUG_INFORMATION_FORMAT = dwarf;
				ENABLE_STRICT_OBJC_MSGSEND = YES;
				ENABLE_TESTABILITY = YES;
				GCC_C_LANGUAGE_STANDARD = gnu99;
				GCC_DYNAMIC_NO_PIC = NO;
				GCC_NO_COMMON_BLOCKS = YES;
				GCC_OPTIMIZATION_LEVEL = 0;
				GCC_PREPROCESSOR_DEFINITIONS = (
					"DEBUG=1",
					"$(inherited)",
				);
				GCC_WARN_64_TO_32_BIT_CONVERSION = YES;
				GCC_WARN_ABOUT_RETURN_TYPE = YES_ERROR;
				GCC_WARN_UNDECLARED_SELECTOR = YES;
				GCC_WARN_UNINITIALIZED_AUTOS = YES_AGGRESSIVE;
				GCC_WARN_UNUSED_FUNCTION = YES;
				GCC_WARN_UNUSED_VARIABLE = YES;
				IPHONEOS_DEPLOYMENT_TARGET = 10.0;
				MTL_ENABLE_DEBUG_INFO = YES;
				ONLY_ACTIVE_ARCH = YES;
				SDKROOT = iphoneos;
				SWIFT_ACTIVE_COMPILATION_CONDITIONS = DEBUG;
				SWIFT_OPTIMIZATION_LEVEL = "-Onone";
				TARGETED_DEVICE_FAMILY = "1,2";
			};
			name = Debug;
		};
		7CFF90341DBE55A9006C0A01 /* Release */ = {
			isa = XCBuildConfiguration;
			buildSettings = {
				ALWAYS_SEARCH_USER_PATHS = NO;
				CLANG_ANALYZER_NONNULL = YES;
				CLANG_CXX_LANGUAGE_STANDARD = "gnu++0x";
				CLANG_CXX_LIBRARY = "libc++";
				CLANG_ENABLE_MODULES = YES;
				CLANG_ENABLE_OBJC_ARC = YES;
				CLANG_WARN_BOOL_CONVERSION = YES;
				CLANG_WARN_CONSTANT_CONVERSION = YES;
				CLANG_WARN_DIRECT_OBJC_ISA_USAGE = YES_ERROR;
				CLANG_WARN_DOCUMENTATION_COMMENTS = YES;
				CLANG_WARN_EMPTY_BODY = YES;
				CLANG_WARN_ENUM_CONVERSION = YES;
				CLANG_WARN_INFINITE_RECURSION = YES;
				CLANG_WARN_INT_CONVERSION = YES;
				CLANG_WARN_OBJC_ROOT_CLASS = YES_ERROR;
				CLANG_WARN_SUSPICIOUS_MOVES = YES;
				CLANG_WARN_UNREACHABLE_CODE = YES;
				CLANG_WARN__DUPLICATE_METHOD_MATCH = YES;
				"CODE_SIGN_IDENTITY[sdk=iphoneos*]" = "iPhone Developer";
				COPY_PHASE_STRIP = NO;
				DEBUG_INFORMATION_FORMAT = "dwarf-with-dsym";
				ENABLE_NS_ASSERTIONS = NO;
				ENABLE_STRICT_OBJC_MSGSEND = YES;
				GCC_C_LANGUAGE_STANDARD = gnu99;
				GCC_NO_COMMON_BLOCKS = YES;
				GCC_WARN_64_TO_32_BIT_CONVERSION = YES;
				GCC_WARN_ABOUT_RETURN_TYPE = YES_ERROR;
				GCC_WARN_UNDECLARED_SELECTOR = YES;
				GCC_WARN_UNINITIALIZED_AUTOS = YES_AGGRESSIVE;
				GCC_WARN_UNUSED_FUNCTION = YES;
				GCC_WARN_UNUSED_VARIABLE = YES;
				IPHONEOS_DEPLOYMENT_TARGET = 10.0;
				MTL_ENABLE_DEBUG_INFO = NO;
				SDKROOT = iphoneos;
				SWIFT_OPTIMIZATION_LEVEL = "-Owholemodule";
				TARGETED_DEVICE_FAMILY = "1,2";
				VALIDATE_PRODUCT = YES;
			};
			name = Release;
		};
		7CFF90361DBE55A9006C0A01 /* Debug */ = {
			isa = XCBuildConfiguration;
			buildSettings = {
				ASSETCATALOG_COMPILER_APPICON_NAME = AppIcon;
				INFOPLIST_FILE = MapKit1/Info.plist;
				LD_RUNPATH_SEARCH_PATHS = "$(inherited) @executable_path/Frameworks";
				PRODUCT_BUNDLE_IDENTIFIER = com.yury.MapKit1;
				PRODUCT_NAME = "$(TARGET_NAME)";
				SWIFT_VERSION = 3.0;
			};
			name = Debug;
		};
		7CFF90371DBE55A9006C0A01 /* Release */ = {
			isa = XCBuildConfiguration;
			buildSettings = {
				ASSETCATALOG_COMPILER_APPICON_NAME = AppIcon;
				INFOPLIST_FILE = MapKit1/Info.plist;
				LD_RUNPATH_SEARCH_PATHS = "$(inherited) @executable_path/Frameworks";
				PRODUCT_BUNDLE_IDENTIFIER = com.yury.MapKit1;
				PRODUCT_NAME = "$(TARGET_NAME)";
				SWIFT_VERSION = 3.0;
			};
			name = Release;
		};
/* End XCBuildConfiguration section */

/* Begin XCConfigurationList section */
		7CFF901E1DBE55A8006C0A01 /* Build configuration list for PBXProject "MapKit1" */ = {
			isa = XCConfigurationList;
			buildConfigurations = (
				7CFF90331DBE55A9006C0A01 /* Debug */,
				7CFF90341DBE55A9006C0A01 /* Release */,
			);
			defaultConfigurationIsVisible = 0;
			defaultConfigurationName = Release;
		};
		7CFF90351DBE55A9006C0A01 /* Build configuration list for PBXNativeTarget "MapKit1" */ = {
			isa = XCConfigurationList;
			buildConfigurations = (
				7CFF90361DBE55A9006C0A01 /* Debug */,
				7CFF90371DBE55A9006C0A01 /* Release */,
			);
			defaultConfigurationIsVisible = 0;
		};
/* End XCConfigurationList section */
	};
	rootObject = 7CFF901B1DBE55A8006C0A01 /* Project object */;
}
